{
  "nodes": {
    "nixpkgs": {
      "locked": {
        "lastModified": 1742395137,
        "narHash": "sha256-WWNNjCSzQCtATpCFEijm81NNG1xqlLMVbIzXAiZysbs=",
        "owner": "NixOS",
        "repo": "nixpkgs",
        "rev": "2a725d40de138714db4872dc7405d86457aa17ad",
        "type": "github"
      },
      "original": {
        "owner": "NixOS",
        "ref": "nixpkgs-unstable",
        "repo": "nixpkgs",
        "type": "github"
      }
    },
    "nixpkgs_2": {
      "locked": {
        "lastModified": 1742288794,
        "narHash": "sha256-Txwa5uO+qpQXrNG4eumPSD+hHzzYi/CdaM80M9XRLCo=",
        "owner": "nixos",
        "repo": "nixpkgs",
        "rev": "b6eaf97c6960d97350c584de1b6dcff03c9daf42",
        "type": "github"
      },
      "original": {
        "owner": "nixos",
        "ref": "nixos-unstable",
        "repo": "nixpkgs",
        "type": "github"
      }
    },
    "root": {
      "inputs": {
        "nixpkgs": "nixpkgs",
        "zen-browser": "zen-browser"
      }
    },
    "zen-browser": {
      "inputs": {
        "nixpkgs": "nixpkgs_2"
      },
      "locked": {
        "lastModified": 1742527988,
        "narHash": "sha256-t1i+0/dM4jkMUWMTcl7hlmCHFtwdGJdIIqKh0cLHlHU=",
        "owner": "0xc000022070",
        "repo": "zen-browser-flake",
        "rev": "0f396890cefee28c1e204f891a287bf33fba3fce",
        "type": "github"
      },
      "original": {
        "owner": "0xc000022070",
        "repo": "zen-browser-flake",
        "type": "github"
      }
    }
  },
  "root": "root",
  "version": 7
}
